
Microsoft Visual Studio Solution File, Format Version 12.00
# Visual Studio Version 17
VisualStudioVersion = 17.14.36202.13 d17.14
MinimumVisualStudioVersion = 10.0.40219.1
Project("{FAE04EC0-301F-11D3-BF4B-00C04F79EFBC}") = "Hola Maestro", "Hola Maestro\Hola Maestro.csproj", "{2202BCC6-C959-4856-9410-D068A2FC1EE9}"
EndProject
Global
	GlobalSection(SolutionConfigurationPlatforms) = preSolution
		Debug|Any CPU = Debug|Any CPU
		Release|Any CPU = Release|Any CPU
	EndGlobalSection
	GlobalSection(ProjectConfigurationPlatforms) = postSolution
		{2202BCC6-C959-4856-9410-D068A2FC1EE9}.Debug|Any CPU.ActiveCfg = Debug|Any CPU
		{2202BCC6-C959-4856-9410-D068A2FC1EE9}.Debug|Any CPU.Build.0 = Debug|Any CPU
		{2202BCC6-C959-4856-9410-D068A2FC1EE9}.Release|Any CPU.ActiveCfg = Release|Any CPU
		{2202BCC6-C959-4856-9410-D068A2FC1EE9}.Release|Any CPU.Build.0 = Release|Any CPU
	EndGlobalSection
	GlobalSection(SolutionProperties) = preSolution
		HideSolutionNode = FALSE
	EndGlobalSection
	GlobalSection(ExtensibilityGlobals) = postSolution
		SolutionGuid = {468F8D45-2CF7-4064-959D-E2376834F569}
	EndGlobalSection
EndGlobal
